// !$*UTF8*$!
{
	archiveVersion = 1;
	classes = {
	};
	objectVersion = 50;
	objects = {

/* Begin PBXBuildFile section */
		A4D189042574FAFE00B4CD6C /* AppDelegate.swift in Sources */ = {isa = PBXBuildFile; fileRef = A4D189032574FAFE00B4CD6C /* AppDelegate.swift */; };
		A4D189062574FAFE00B4CD6C /* SceneDelegate.swift in Sources */ = {isa = PBXBuildFile; fileRef = A4D189052574FAFE00B4CD6C /* SceneDelegate.swift */; };
		A4D1890A2574FAFE00B4CD6C /* Assets.xcassets in Resources */ = {isa = PBXBuildFile; fileRef = A4D189092574FAFE00B4CD6C /* Assets.xcassets */; };
		A4D1890D2574FAFE00B4CD6C /* Preview Assets.xcassets in Resources */ = {isa = PBXBuildFile; fileRef = A4D1890C2574FAFE00B4CD6C /* Preview Assets.xcassets */; };
		A4D189102574FAFE00B4CD6C /* LaunchScreen.storyboard in Resources */ = {isa = PBXBuildFile; fileRef = A4D1890E2574FAFE00B4CD6C /* LaunchScreen.storyboard */; };
		A4D1891D2575175B00B4CD6C /* View+Extensions.swift in Sources */ = {isa = PBXBuildFile; fileRef = A4D1891A2575175B00B4CD6C /* View+Extensions.swift */; };
		A4D1891E2575175B00B4CD6C /* Double+Extensions.swift in Sources */ = {isa = PBXBuildFile; fileRef = A4D1891B2575175B00B4CD6C /* Double+Extensions.swift */; };
		A4D1891F2575175B00B4CD6C /* URL+Extensions.swift in Sources */ = {isa = PBXBuildFile; fileRef = A4D1891C2575175B00B4CD6C /* URL+Extensions.swift */; };
		A4D189272575184D00B4CD6C /* Account.swift in Sources */ = {isa = PBXBuildFile; fileRef = A4D189262575184D00B4CD6C /* Account.swift */; };
		A4D1892B257518DB00B4CD6C /* AccountService.swift in Sources */ = {isa = PBXBuildFile; fileRef = A4D1892A257518DB00B4CD6C /* AccountService.swift */; };
		A4D1892E25751DE400B4CD6C /* AccountSummaryViewModel.swift in Sources */ = {isa = PBXBuildFile; fileRef = A4D1892D25751DE400B4CD6C /* AccountSummaryViewModel.swift */; };
		A4D1893125751FA300B4CD6C /* AccountSummaryScreen.swift in Sources */ = {isa = PBXBuildFile; fileRef = A4D1893025751FA300B4CD6C /* AccountSummaryScreen.swift */; };
		A4D189352575213E00B4CD6C /* AccountListView.swift in Sources */ = {isa = PBXBuildFile; fileRef = A4D189342575213E00B4CD6C /* AccountListView.swift */; };
/* End PBXBuildFile section */

/* Begin PBXFileReference section */
		A4D189002574FAFE00B4CD6C /* FinancialApp.app */ = {isa = PBXFileReference; explicitFileType = wrapper.application; includeInIndex = 0; path = FinancialApp.app; sourceTree = BUILT_PRODUCTS_DIR; };
		A4D189032574FAFE00B4CD6C /* AppDelegate.swift */ = {isa = PBXFileReference; lastKnownFileType = sourcecode.swift; path = AppDelegate.swift; sourceTree = "<group>"; };
		A4D189052574FAFE00B4CD6C /* SceneDelegate.swift */ = {isa = PBXFileReference; lastKnownFileType = sourcecode.swift; path = SceneDelegate.swift; sourceTree = "<group>"; };
		A4D189092574FAFE00B4CD6C /* Assets.xcassets */ = {isa = PBXFileReference; lastKnownFileType = folder.assetcatalog; path = Assets.xcassets; sourceTree = "<group>"; };
		A4D1890C2574FAFE00B4CD6C /* Preview Assets.xcassets */ = {isa = PBXFileReference; lastKnownFileType = folder.assetcatalog; path = "Preview Assets.xcassets"; sourceTree = "<group>"; };
		A4D1890F2574FAFE00B4CD6C /* Base */ = {isa = PBXFileReference; lastKnownFileType = file.storyboard; name = Base; path = Base.lproj/LaunchScreen.storyboard; sourceTree = "<group>"; };
		A4D189112574FAFE00B4CD6C /* Info.plist */ = {isa = PBXFileReference; lastKnownFileType = text.plist.xml; path = Info.plist; sourceTree = "<group>"; };
		A4D189182574FB6800B4CD6C /* README.md */ = {isa = PBXFileReference; lastKnownFileType = net.daringfireball.markdown; path = README.md; sourceTree = "<group>"; };
		A4D1891A2575175B00B4CD6C /* View+Extensions.swift */ = {isa = PBXFileReference; fileEncoding = 4; lastKnownFileType = sourcecode.swift; path = "View+Extensions.swift"; sourceTree = "<group>"; };
		A4D1891B2575175B00B4CD6C /* Double+Extensions.swift */ = {isa = PBXFileReference; fileEncoding = 4; lastKnownFileType = sourcecode.swift; path = "Double+Extensions.swift"; sourceTree = "<group>"; };
		A4D1891C2575175B00B4CD6C /* URL+Extensions.swift */ = {isa = PBXFileReference; fileEncoding = 4; lastKnownFileType = sourcecode.swift; path = "URL+Extensions.swift"; sourceTree = "<group>"; };
		A4D189262575184D00B4CD6C /* Account.swift */ = {isa = PBXFileReference; lastKnownFileType = sourcecode.swift; path = Account.swift; sourceTree = "<group>"; };
		A4D1892A257518DB00B4CD6C /* AccountService.swift */ = {isa = PBXFileReference; lastKnownFileType = sourcecode.swift; path = AccountService.swift; sourceTree = "<group>"; };
		A4D1892D25751DE400B4CD6C /* AccountSummaryViewModel.swift */ = {isa = PBXFileReference; lastKnownFileType = sourcecode.swift; path = AccountSummaryViewModel.swift; sourceTree = "<group>"; };
		A4D1893025751FA300B4CD6C /* AccountSummaryScreen.swift */ = {isa = PBXFileReference; lastKnownFileType = sourcecode.swift; path = AccountSummaryScreen.swift; sourceTree = "<group>"; };
		A4D189342575213E00B4CD6C /* AccountListView.swift */ = {isa = PBXFileReference; lastKnownFileType = sourcecode.swift; path = AccountListView.swift; sourceTree = "<group>"; };
/* End PBXFileReference section */

/* Begin PBXFrameworksBuildPhase section */
		A4D188FD2574FAFE00B4CD6C /* Frameworks */ = {
			isa = PBXFrameworksBuildPhase;
			buildActionMask = 2147483647;
			files = (
			);
			runOnlyForDeploymentPostprocessing = 0;
		};
/* End PBXFrameworksBuildPhase section */

/* Begin PBXGroup section */
		A4D188F72574FAFE00B4CD6C = {
			isa = PBXGroup;
			children = (
				A4D189182574FB6800B4CD6C /* README.md */,
				A4D189022574FAFE00B4CD6C /* FinancialApp */,
				A4D189012574FAFE00B4CD6C /* Products */,
			);
			sourceTree = "<group>";
		};
		A4D189012574FAFE00B4CD6C /* Products */ = {
			isa = PBXGroup;
			children = (
				A4D189002574FAFE00B4CD6C /* FinancialApp.app */,
			);
			name = Products;
			sourceTree = "<group>";
		};
		A4D189022574FAFE00B4CD6C /* FinancialApp */ = {
			isa = PBXGroup;
			children = (
				A4D189232575179D00B4CD6C /* ViewModels */,
				A4D189252575180E00B4CD6C /* Services */,
				A4D18924257517A800B4CD6C /* Views */,
				A4D189212575178A00B4CD6C /* Screens */,
				A4D189222575179600B4CD6C /* Models */,
				A4D189192575175300B4CD6C /* Extensions */,
				A4D189032574FAFE00B4CD6C /* AppDelegate.swift */,
				A4D189052574FAFE00B4CD6C /* SceneDelegate.swift */,
				A4D189092574FAFE00B4CD6C /* Assets.xcassets */,
				A4D1890E2574FAFE00B4CD6C /* LaunchScreen.storyboard */,
				A4D189112574FAFE00B4CD6C /* Info.plist */,
				A4D1890B2574FAFE00B4CD6C /* Preview Content */,
			);
			path = FinancialApp;
			sourceTree = "<group>";
		};
		A4D1890B2574FAFE00B4CD6C /* Preview Content */ = {
			isa = PBXGroup;
			children = (
				A4D1890C2574FAFE00B4CD6C /* Preview Assets.xcassets */,
			);
			path = "Preview Content";
			sourceTree = "<group>";
		};
		A4D189192575175300B4CD6C /* Extensions */ = {
			isa = PBXGroup;
			children = (
				A4D1891B2575175B00B4CD6C /* Double+Extensions.swift */,
				A4D1891C2575175B00B4CD6C /* URL+Extensions.swift */,
				A4D1891A2575175B00B4CD6C /* View+Extensions.swift */,
			);
			path = Extensions;
			sourceTree = "<group>";
		};
		A4D189212575178A00B4CD6C /* Screens */ = {
			isa = PBXGroup;
			children = (
				A4D1893025751FA300B4CD6C /* AccountSummaryScreen.swift */,
			);
			path = Screens;
			sourceTree = "<group>";
		};
		A4D189222575179600B4CD6C /* Models */ = {
			isa = PBXGroup;
			children = (
				A4D189262575184D00B4CD6C /* Account.swift */,
			);
			path = Models;
			sourceTree = "<group>";
		};
		A4D189232575179D00B4CD6C /* ViewModels */ = {
			isa = PBXGroup;
			children = (
				A4D1892D25751DE400B4CD6C /* AccountSummaryViewModel.swift */,
			);
			path = ViewModels;
			sourceTree = "<group>";
		};
		A4D18924257517A800B4CD6C /* Views */ = {
			isa = PBXGroup;
			children = (
				A4D189342575213E00B4CD6C /* AccountListView.swift */,
			);
			path = Views;
			sourceTree = "<group>";
		};
		A4D189252575180E00B4CD6C /* Services */ = {
			isa = PBXGroup;
			children = (
				A4D1892A257518DB00B4CD6C /* AccountService.swift */,
			);
			path = Services;
			sourceTree = "<group>";
		};
/* End PBXGroup section */

/* Begin PBXNativeTarget section */
		A4D188FF2574FAFE00B4CD6C /* FinancialApp */ = {
			isa = PBXNativeTarget;
			buildConfigurationList = A4D189142574FAFE00B4CD6C /* Build configuration list for PBXNativeTarget "FinancialApp" */;
			buildPhases = (
				A4D188FC2574FAFE00B4CD6C /* Sources */,
				A4D188FD2574FAFE00B4CD6C /* Frameworks */,
				A4D188FE2574FAFE00B4CD6C /* Resources */,
			);
			buildRules = (
			);
			dependencies = (
			);
			name = FinancialApp;
			productName = FinancialApp;
			productReference = A4D189002574FAFE00B4CD6C /* FinancialApp.app */;
			productType = "com.apple.product-type.application";
		};
/* End PBXNativeTarget section */

/* Begin PBXProject section */
		A4D188F82574FAFE00B4CD6C /* Project object */ = {
			isa = PBXProject;
			attributes = {
				LastSwiftUpdateCheck = 1220;
				LastUpgradeCheck = 1220;
				TargetAttributes = {
					A4D188FF2574FAFE00B4CD6C = {
						CreatedOnToolsVersion = 12.2;
					};
				};
			};
			buildConfigurationList = A4D188FB2574FAFE00B4CD6C /* Build configuration list for PBXProject "FinancialApp" */;
			compatibilityVersion = "Xcode 9.3";
			developmentRegion = en;
			hasScannedForEncodings = 0;
			knownRegions = (
				en,
				Base,
			);
			mainGroup = A4D188F72574FAFE00B4CD6C;
			productRefGroup = A4D189012574FAFE00B4CD6C /* Products */;
			projectDirPath = "";
			projectRoot = "";
			targets = (
				A4D188FF2574FAFE00B4CD6C /* FinancialApp */,
			);
		};
/* End PBXProject section */

/* Begin PBXResourcesBuildPhase section */
		A4D188FE2574FAFE00B4CD6C /* Resources */ = {
			isa = PBXResourcesBuildPhase;
			buildActionMask = 2147483647;
			files = (
				A4D189102574FAFE00B4CD6C /* LaunchScreen.storyboard in Resources */,
				A4D1890D2574FAFE00B4CD6C /* Preview Assets.xcassets in Resources */,
				A4D1890A2574FAFE00B4CD6C /* Assets.xcassets in Resources */,
			);
			runOnlyForDeploymentPostprocessing = 0;
		};
/* End PBXResourcesBuildPhase section */

/* Begin PBXSourcesBuildPhase section */
		A4D188FC2574FAFE00B4CD6C /* Sources */ = {
			isa = PBXSourcesBuildPhase;
			buildActionMask = 2147483647;
			files = (
				A4D189042574FAFE00B4CD6C /* AppDelegate.swift in Sources */,
				A4D1891F2575175B00B4CD6C /* URL+Extensions.swift in Sources */,
				A4D1893125751FA300B4CD6C /* AccountSummaryScreen.swift in Sources */,
				A4D189062574FAFE00B4CD6C /* SceneDelegate.swift in Sources */,
				A4D189352575213E00B4CD6C /* AccountListView.swift in Sources */,
				A4D1891D2575175B00B4CD6C /* View+Extensions.swift in Sources */,
				A4D1892E25751DE400B4CD6C /* AccountSummaryViewModel.swift in Sources */,
				A4D1892B257518DB00B4CD6C /* AccountService.swift in Sources */,
				A4D1891E2575175B00B4CD6C /* Double+Extensions.swift in Sources */,
				A4D189272575184D00B4CD6C /* Account.swift in Sources */,
			);
			runOnlyForDeploymentPostprocessing = 0;
		};
/* End PBXSourcesBuildPhase section */

/* Begin PBXVariantGroup section */
		A4D1890E2574FAFE00B4CD6C /* LaunchScreen.storyboard */ = {
			isa = PBXVariantGroup;
			children = (
				A4D1890F2574FAFE00B4CD6C /* Base */,
			);
			name = LaunchScreen.storyboard;
			sourceTree = "<group>";
		};
/* End PBXVariantGroup section */

/* Begin XCBuildConfiguration section */
		A4D189122574FAFE00B4CD6C /* Debug */ = {
			isa = XCBuildConfiguration;
			buildSettings = {
				ALWAYS_SEARCH_USER_PATHS = NO;
				CLANG_ANALYZER_NONNULL = YES;
				CLANG_ANALYZER_NUMBER_OBJECT_CONVERSION = YES_AGGRESSIVE;
				CLANG_CXX_LANGUAGE_STANDARD = "gnu++14";
				CLANG_CXX_LIBRARY = "libc++";
				CLANG_ENABLE_MODULES = YES;
				CLANG_ENABLE_OBJC_ARC = YES;
				CLANG_ENABLE_OBJC_WEAK = YES;
				CLANG_WARN_BLOCK_CAPTURE_AUTORELEASING = YES;
				CLANG_WARN_BOOL_CONVERSION = YES;
				CLANG_WARN_COMMA = YES;
				CLANG_WARN_CONSTANT_CONVERSION = YES;
				CLANG_WARN_DEPRECATED_OBJC_IMPLEMENTATIONS = YES;
				CLANG_WARN_DIRECT_OBJC_ISA_USAGE = YES_ERROR;
				CLANG_WARN_DOCUMENTATION_COMMENTS = YES;
				CLANG_WARN_EMPTY_BODY = YES;
				CLANG_WARN_ENUM_CONVERSION = YES;
				CLANG_WARN_INFINITE_RECURSION = YES;
				CLANG_WARN_INT_CONVERSION = YES;
				CLANG_WARN_NON_LITERAL_NULL_CONVERSION = YES;
				CLANG_WARN_OBJC_IMPLICIT_RETAIN_SELF = YES;
				CLANG_WARN_OBJC_LITERAL_CONVERSION = YES;
				CLANG_WARN_OBJC_ROOT_CLASS = YES_ERROR;
				CLANG_WARN_QUOTED_INCLUDE_IN_FRAMEWORK_HEADER = YES;
				CLANG_WARN_RANGE_LOOP_ANALYSIS = YES;
				CLANG_WARN_STRICT_PROTOTYPES = YES;
				CLANG_WARN_SUSPICIOUS_MOVE = YES;
				CLANG_WARN_UNGUARDED_AVAILABILITY = YES_AGGRESSIVE;
				CLANG_WARN_UNREACHABLE_CODE = YES;
				CLANG_WARN__DUPLICATE_METHOD_MATCH = YES;
				COPY_PHASE_STRIP = NO;
				DEBUG_INFORMATION_FORMAT = dwarf;
				ENABLE_STRICT_OBJC_MSGSEND = YES;
				ENABLE_TESTABILITY = YES;
				GCC_C_LANGUAGE_STANDARD = gnu11;
				GCC_DYNAMIC_NO_PIC = NO;
				GCC_NO_COMMON_BLOCKS = YES;
				GCC_OPTIMIZATION_LEVEL = 0;
				GCC_PREPROCESSOR_DEFINITIONS = (
					"DEBUG=1",
					"$(inherited)",
				);
				GCC_WARN_64_TO_32_BIT_CONVERSION = YES;
				GCC_WARN_ABOUT_RETURN_TYPE = YES_ERROR;
				GCC_WARN_UNDECLARED_SELECTOR = YES;
				GCC_WARN_UNINITIALIZED_AUTOS = YES_AGGRESSIVE;
				GCC_WARN_UNUSED_FUNCTION = YES;
				GCC_WARN_UNUSED_VARIABLE = YES;
				IPHONEOS_DEPLOYMENT_TARGET = 14.2;
				MTL_ENABLE_DEBUG_INFO = INCLUDE_SOURCE;
				MTL_FAST_MATH = YES;
				ONLY_ACTIVE_ARCH = YES;
				SDKROOT = iphoneos;
				SWIFT_ACTIVE_COMPILATION_CONDITIONS = DEBUG;
				SWIFT_OPTIMIZATION_LEVEL = "-Onone";
			};
			name = Debug;
		};
		A4D189132574FAFE00B4CD6C /* Release */ = {
			isa = XCBuildConfiguration;
			buildSettings = {
				ALWAYS_SEARCH_USER_PATHS = NO;
				CLANG_ANALYZER_NONNULL = YES;
				CLANG_ANALYZER_NUMBER_OBJECT_CONVERSION = YES_AGGRESSIVE;
				CLANG_CXX_LANGUAGE_STANDARD = "gnu++14";
				CLANG_CXX_LIBRARY = "libc++";
				CLANG_ENABLE_MODULES = YES;
				CLANG_ENABLE_OBJC_ARC = YES;
				CLANG_ENABLE_OBJC_WEAK = YES;
				CLANG_WARN_BLOCK_CAPTURE_AUTORELEASING = YES;
				CLANG_WARN_BOOL_CONVERSION = YES;
				CLANG_WARN_COMMA = YES;
				CLANG_WARN_CONSTANT_CONVERSION = YES;
				CLANG_WARN_DEPRECATED_OBJC_IMPLEMENTATIONS = YES;
				CLANG_WARN_DIRECT_OBJC_ISA_USAGE = YES_ERROR;
				CLANG_WARN_DOCUMENTATION_COMMENTS = YES;
				CLANG_WARN_EMPTY_BODY = YES;
				CLANG_WARN_ENUM_CONVERSION = YES;
				CLANG_WARN_INFINITE_RECURSION = YES;
				CLANG_WARN_INT_CONVERSION = YES;
				CLANG_WARN_NON_LITERAL_NULL_CONVERSION = YES;
				CLANG_WARN_OBJC_IMPLICIT_RETAIN_SELF = YES;
				CLANG_WARN_OBJC_LITERAL_CONVERSION = YES;
				CLANG_WARN_OBJC_ROOT_CLASS = YES_ERROR;
				CLANG_WARN_QUOTED_INCLUDE_IN_FRAMEWORK_HEADER = YES;
				CLANG_WARN_RANGE_LOOP_ANALYSIS = YES;
				CLANG_WARN_STRICT_PROTOTYPES = YES;
				CLANG_WARN_SUSPICIOUS_MOVE = YES;
				CLANG_WARN_UNGUARDED_AVAILABILITY = YES_AGGRESSIVE;
				CLANG_WARN_UNREACHABLE_CODE = YES;
				CLANG_WARN__DUPLICATE_METHOD_MATCH = YES;
				COPY_PHASE_STRIP = NO;
				DEBUG_INFORMATION_FORMAT = "dwarf-with-dsym";
				ENABLE_NS_ASSERTIONS = NO;
				ENABLE_STRICT_OBJC_MSGSEND = YES;
				GCC_C_LANGUAGE_STANDARD = gnu11;
				GCC_NO_COMMON_BLOCKS = YES;
				GCC_WARN_64_TO_32_BIT_CONVERSION = YES;
				GCC_WARN_ABOUT_RETURN_TYPE = YES_ERROR;
				GCC_WARN_UNDECLARED_SELECTOR = YES;
				GCC_WARN_UNINITIALIZED_AUTOS = YES_AGGRESSIVE;
				GCC_WARN_UNUSED_FUNCTION = YES;
				GCC_WARN_UNUSED_VARIABLE = YES;
				IPHONEOS_DEPLOYMENT_TARGET = 14.2;
				MTL_ENABLE_DEBUG_INFO = NO;
				MTL_FAST_MATH = YES;
				SDKROOT = iphoneos;
				SWIFT_COMPILATION_MODE = wholemodule;
				SWIFT_OPTIMIZATION_LEVEL = "-O";
				VALIDATE_PRODUCT = YES;
			};
			name = Release;
		};
		A4D189152574FAFE00B4CD6C /* Debug */ = {
			isa = XCBuildConfiguration;
			buildSettings = {
				ASSETCATALOG_COMPILER_APPICON_NAME = AppIcon;
				ASSETCATALOG_COMPILER_GLOBAL_ACCENT_COLOR_NAME = AccentColor;
				CODE_SIGN_STYLE = Automatic;
				DEVELOPMENT_ASSET_PATHS = "\"FinancialApp/Preview Content\"";
				DEVELOPMENT_TEAM = 6U769Q36UT;
				ENABLE_PREVIEWS = YES;
				INFOPLIST_FILE = FinancialApp/Info.plist;
				LD_RUNPATH_SEARCH_PATHS = (
					"$(inherited)",
					"@executable_path/Frameworks",
				);
				PRODUCT_BUNDLE_IDENTIFIER = net.aaronlab.FinancialApp;
				PRODUCT_NAME = "$(TARGET_NAME)";
				SWIFT_VERSION = 5.0;
				TARGETED_DEVICE_FAMILY = "1,2";
			};
			name = Debug;
		};
		A4D189162574FAFE00B4CD6C /* Release */ = {
			isa = XCBuildConfiguration;
			buildSettings = {
				ASSETCATALOG_COMPILER_APPICON_NAME = AppIcon;
				ASSETCATALOG_COMPILER_GLOBAL_ACCENT_COLOR_NAME = AccentColor;
				CODE_SIGN_STYLE = Automatic;
				DEVELOPMENT_ASSET_PATHS = "\"FinancialApp/Preview Content\"";
				DEVELOPMENT_TEAM = 6U769Q36UT;
				ENABLE_PREVIEWS = YES;
				INFOPLIST_FILE = FinancialApp/Info.plist;
				LD_RUNPATH_SEARCH_PATHS = (
					"$(inherited)",
					"@executable_path/Frameworks",
				);
				PRODUCT_BUNDLE_IDENTIFIER = net.aaronlab.FinancialApp;
				PRODUCT_NAME = "$(TARGET_NAME)";
				SWIFT_VERSION = 5.0;
				TARGETED_DEVICE_FAMILY = "1,2";
			};
			name = Release;
		};
/* End XCBuildConfiguration section */

/* Begin XCConfigurationList section */
		A4D188FB2574FAFE00B4CD6C /* Build configuration list for PBXProject "FinancialApp" */ = {
			isa = XCConfigurationList;
			buildConfigurations = (
				A4D189122574FAFE00B4CD6C /* Debug */,
				A4D189132574FAFE00B4CD6C /* Release */,
			);
			defaultConfigurationIsVisible = 0;
			defaultConfigurationName = Release;
		};
		A4D189142574FAFE00B4CD6C /* Build configuration list for PBXNativeTarget "FinancialApp" */ = {
			isa = XCConfigurationList;
			buildConfigurations = (
				A4D189152574FAFE00B4CD6C /* Debug */,
				A4D189162574FAFE00B4CD6C /* Release */,
			);
			defaultConfigurationIsVisible = 0;
			defaultConfigurationName = Release;
		};
/* End XCConfigurationList section */
	};
	rootObject = A4D188F82574FAFE00B4CD6C /* Project object */;
}
